
Microsoft Visual Studio Solution File, Format Version 12.00
# Visual Studio 15
VisualStudioVersion = 15.0.28307.168
MinimumVisualStudioVersion = 10.0.40219.1
Project("{2150E333-8FDC-42A3-9474-1A3956D46DE8}") = "Deploy", "Deploy", "{54CDEC22-FA12-4EDC-8E6C-CFFFC168D745}"
	ProjectSection(SolutionItems) = preProject
		docker-compose.yml = docker-compose.yml
	EndProjectSection
EndProject
Project("{2150E333-8FDC-42A3-9474-1A3956D46DE8}") = "Src", "Src", "{A1EB08A4-9BE1-4253-969D-0220B033FAB3}"
EndProject
Project("{2150E333-8FDC-42A3-9474-1A3956D46DE8}") = "01-Presentation", "01-Presentation", "{2DC07041-9531-400F-968A-0C465082C330}"
EndProject
Project("{2150E333-8FDC-42A3-9474-1A3956D46DE8}") = "02-Services", "02-Services", "{4F1B46E1-4CBF-4580-8A3B-9C1468F1B3C5}"
EndProject
Project("{2150E333-8FDC-42A3-9474-1A3956D46DE8}") = "03-BusinessLogic", "03-BusinessLogic", "{DEA06279-7290-45ED-9AC6-51DC4AE5F363}"
EndProject
Project("{2150E333-8FDC-42A3-9474-1A3956D46DE8}") = "04-Domain", "04-Domain", "{B0A84B1D-679A-4A1C-A387-19F423C54EE4}"
EndProject
Project("{2150E333-8FDC-42A3-9474-1A3956D46DE8}") = "05-Infrastructure", "05-Infrastructure", "{36AF8241-E55E-4C65-BB97-3CA36756F3B4}"
EndProject
Project("{2150E333-8FDC-42A3-9474-1A3956D46DE8}") = "Test", "Test", "{BFD5DF0F-79EE-4802-9946-0B62C067CC97}"
EndProject
Project("{9A19103F-16F7-4668-BE54-9A1E7A4F7556}") = "FileFinder.API", "FileFinder.API\FileFinder.API.csproj", "{AE321EE6-0B2A-465C-BC1A-CF0858EDAE7C}"
EndProject
Project("{9A19103F-16F7-4668-BE54-9A1E7A4F7556}") = "FileFinder.AppServices", "FileFinder.AppServices\FileFinder.AppServices.csproj", "{105F666D-715C-4EAF-8C15-399552B7939D}"
EndProject
Project("{9A19103F-16F7-4668-BE54-9A1E7A4F7556}") = "FileFinder.Domain", "FileFinder.Domain\FileFinder.Domain.csproj", "{034A068A-18A0-434C-AD99-B4DDA33C08D3}"
EndProject
Project("{9A19103F-16F7-4668-BE54-9A1E7A4F7556}") = "FileFinder.Infrastructure.Presistence.Elastic", "FileFinder.Infrastructure.Presistence\FileFinder.Infrastructure.Presistence.Elastic.csproj", "{FCF77C9F-4B38-42C1-92C0-A56D57AFDA77}"
EndProject
Project("{9A19103F-16F7-4668-BE54-9A1E7A4F7556}") = "FileFinder.Domain.Core", "FileFinder.Domain.Core\FileFinder.Domain.Core.csproj", "{87D283A1-2BDD-4540-A839-6BA9E6D0742A}"
EndProject
Project("{9A19103F-16F7-4668-BE54-9A1E7A4F7556}") = "FileFinder.Infrastructure.Bus", "FileFinder.Infrastructure.Bus\FileFinder.Infrastructure.Bus.csproj", "{6BF24518-856E-4651-9F18-C78A7B467E50}"
EndProject
Project("{9A19103F-16F7-4668-BE54-9A1E7A4F7556}") = "FileFinder.Infrastructure.Logger", "FileFinder.Infrastructure.Logger\FileFinder.Infrastructure.Logger.csproj", "{6277DEF8-65D5-4EA9-8856-97132ACB7A89}"
EndProject
Global
	GlobalSection(SolutionConfigurationPlatforms) = preSolution
		Debug|Any CPU = Debug|Any CPU
		Release|Any CPU = Release|Any CPU
	EndGlobalSection
	GlobalSection(ProjectConfigurationPlatforms) = postSolution
		{AE321EE6-0B2A-465C-BC1A-CF0858EDAE7C}.Debug|Any CPU.ActiveCfg = Debug|Any CPU
		{AE321EE6-0B2A-465C-BC1A-CF0858EDAE7C}.Debug|Any CPU.Build.0 = Debug|Any CPU
		{AE321EE6-0B2A-465C-BC1A-CF0858EDAE7C}.Release|Any CPU.ActiveCfg = Release|Any CPU
		{AE321EE6-0B2A-465C-BC1A-CF0858EDAE7C}.Release|Any CPU.Build.0 = Release|Any CPU
		{105F666D-715C-4EAF-8C15-399552B7939D}.Debug|Any CPU.ActiveCfg = Debug|Any CPU
		{105F666D-715C-4EAF-8C15-399552B7939D}.Debug|Any CPU.Build.0 = Debug|Any CPU
		{105F666D-715C-4EAF-8C15-399552B7939D}.Release|Any CPU.ActiveCfg = Release|Any CPU
		{105F666D-715C-4EAF-8C15-399552B7939D}.Release|Any CPU.Build.0 = Release|Any CPU
		{034A068A-18A0-434C-AD99-B4DDA33C08D3}.Debug|Any CPU.ActiveCfg = Debug|Any CPU
		{034A068A-18A0-434C-AD99-B4DDA33C08D3}.Debug|Any CPU.Build.0 = Debug|Any CPU
		{034A068A-18A0-434C-AD99-B4DDA33C08D3}.Release|Any CPU.ActiveCfg = Release|Any CPU
		{034A068A-18A0-434C-AD99-B4DDA33C08D3}.Release|Any CPU.Build.0 = Release|Any CPU
		{FCF77C9F-4B38-42C1-92C0-A56D57AFDA77}.Debug|Any CPU.ActiveCfg = Debug|Any CPU
		{FCF77C9F-4B38-42C1-92C0-A56D57AFDA77}.Debug|Any CPU.Build.0 = Debug|Any CPU
		{FCF77C9F-4B38-42C1-92C0-A56D57AFDA77}.Release|Any CPU.ActiveCfg = Release|Any CPU
		{FCF77C9F-4B38-42C1-92C0-A56D57AFDA77}.Release|Any CPU.Build.0 = Release|Any CPU
		{87D283A1-2BDD-4540-A839-6BA9E6D0742A}.Debug|Any CPU.ActiveCfg = Debug|Any CPU
		{87D283A1-2BDD-4540-A839-6BA9E6D0742A}.Debug|Any CPU.Build.0 = Debug|Any CPU
		{87D283A1-2BDD-4540-A839-6BA9E6D0742A}.Release|Any CPU.ActiveCfg = Release|Any CPU
		{87D283A1-2BDD-4540-A839-6BA9E6D0742A}.Release|Any CPU.Build.0 = Release|Any CPU
		{6BF24518-856E-4651-9F18-C78A7B467E50}.Debug|Any CPU.ActiveCfg = Debug|Any CPU
		{6BF24518-856E-4651-9F18-C78A7B467E50}.Debug|Any CPU.Build.0 = Debug|Any CPU
		{6BF24518-856E-4651-9F18-C78A7B467E50}.Release|Any CPU.ActiveCfg = Release|Any CPU
		{6BF24518-856E-4651-9F18-C78A7B467E50}.Release|Any CPU.Build.0 = Release|Any CPU
		{6277DEF8-65D5-4EA9-8856-97132ACB7A89}.Debug|Any CPU.ActiveCfg = Debug|Any CPU
		{6277DEF8-65D5-4EA9-8856-97132ACB7A89}.Debug|Any CPU.Build.0 = Debug|Any CPU
		{6277DEF8-65D5-4EA9-8856-97132ACB7A89}.Release|Any CPU.ActiveCfg = Release|Any CPU
		{6277DEF8-65D5-4EA9-8856-97132ACB7A89}.Release|Any CPU.Build.0 = Release|Any CPU
	EndGlobalSection
	GlobalSection(SolutionProperties) = preSolution
		HideSolutionNode = FALSE
	EndGlobalSection
	GlobalSection(NestedProjects) = preSolution
		{2DC07041-9531-400F-968A-0C465082C330} = {A1EB08A4-9BE1-4253-969D-0220B033FAB3}
		{4F1B46E1-4CBF-4580-8A3B-9C1468F1B3C5} = {A1EB08A4-9BE1-4253-969D-0220B033FAB3}
		{DEA06279-7290-45ED-9AC6-51DC4AE5F363} = {A1EB08A4-9BE1-4253-969D-0220B033FAB3}
		{B0A84B1D-679A-4A1C-A387-19F423C54EE4} = {A1EB08A4-9BE1-4253-969D-0220B033FAB3}
		{36AF8241-E55E-4C65-BB97-3CA36756F3B4} = {A1EB08A4-9BE1-4253-969D-0220B033FAB3}
		{AE321EE6-0B2A-465C-BC1A-CF0858EDAE7C} = {4F1B46E1-4CBF-4580-8A3B-9C1468F1B3C5}
		{105F666D-715C-4EAF-8C15-399552B7939D} = {DEA06279-7290-45ED-9AC6-51DC4AE5F363}
		{034A068A-18A0-434C-AD99-B4DDA33C08D3} = {B0A84B1D-679A-4A1C-A387-19F423C54EE4}
		{FCF77C9F-4B38-42C1-92C0-A56D57AFDA77} = {36AF8241-E55E-4C65-BB97-3CA36756F3B4}
		{87D283A1-2BDD-4540-A839-6BA9E6D0742A} = {B0A84B1D-679A-4A1C-A387-19F423C54EE4}
		{6BF24518-856E-4651-9F18-C78A7B467E50} = {36AF8241-E55E-4C65-BB97-3CA36756F3B4}
		{6277DEF8-65D5-4EA9-8856-97132ACB7A89} = {36AF8241-E55E-4C65-BB97-3CA36756F3B4}
	EndGlobalSection
	GlobalSection(ExtensibilityGlobals) = postSolution
		SolutionGuid = {17AB0A1B-E811-41C9-A18A-08A1ACB209FA}
	EndGlobalSection
EndGlobal
